
Microsoft Visual Studio Solution File, Format Version 12.00
# Visual Studio 15
VisualStudioVersion = 15.0.27428.2037
MinimumVisualStudioVersion = 10.0.40219.1
Project("{FAE04EC0-301F-11D3-BF4B-00C04F79EFBC}") = "AnimalSanctuary", "AnimalSanctuary\AnimalSanctuary.csproj", "{B0B5A9B8-B736-49E1-8A6D-667DE1EAED61}"
EndProject
Project("{FAE04EC0-301F-11D3-BF4B-00C04F79EFBC}") = "AnimalSanctuary.Tests", "AnimalSanctuary.Test\AnimalSanctuary.Tests.csproj", "{6AEDC417-45FE-422A-A0DD-CC8763D7FCCF}"
EndProject
Global
	GlobalSection(SolutionConfigurationPlatforms) = preSolution
		Debug|Any CPU = Debug|Any CPU
		Release|Any CPU = Release|Any CPU
	EndGlobalSection
	GlobalSection(ProjectConfigurationPlatforms) = postSolution
		{B0B5A9B8-B736-49E1-8A6D-667DE1EAED61}.Debug|Any CPU.ActiveCfg = Debug|Any CPU
		{B0B5A9B8-B736-49E1-8A6D-667DE1EAED61}.Debug|Any CPU.Build.0 = Debug|Any CPU
		{B0B5A9B8-B736-49E1-8A6D-667DE1EAED61}.Release|Any CPU.ActiveCfg = Release|Any CPU
		{B0B5A9B8-B736-49E1-8A6D-667DE1EAED61}.Release|Any CPU.Build.0 = Release|Any CPU
		{6AEDC417-45FE-422A-A0DD-CC8763D7FCCF}.Debug|Any CPU.ActiveCfg = Debug|Any CPU
		{6AEDC417-45FE-422A-A0DD-CC8763D7FCCF}.Debug|Any CPU.Build.0 = Debug|Any CPU
		{6AEDC417-45FE-422A-A0DD-CC8763D7FCCF}.Release|Any CPU.ActiveCfg = Release|Any CPU
		{6AEDC417-45FE-422A-A0DD-CC8763D7FCCF}.Release|Any CPU.Build.0 = Release|Any CPU
	EndGlobalSection
	GlobalSection(SolutionProperties) = preSolution
		HideSolutionNode = FALSE
	EndGlobalSection
	GlobalSection(ExtensibilityGlobals) = postSolution
		SolutionGuid = {C7029544-257C-4C34-8C4C-E865513CF4EB}
	EndGlobalSection
EndGlobal
